
Microsoft Visual Studio Solution File, Format Version 12.00
# Visual Studio Version 17
VisualStudioVersion = 17.11.35219.272
MinimumVisualStudioVersion = 10.0.40219.1
Project("{FAE04EC0-301F-11D3-BF4B-00C04F79EFBC}") = "elnok_BA", "elnok_BA\elnok_BA.csproj", "{2CD6AC8F-8696-486F-A31F-D89C475C3778}"
EndProject
Global
	GlobalSection(SolutionConfigurationPlatforms) = preSolution
		Debug|Any CPU = Debug|Any CPU
		Release|Any CPU = Release|Any CPU
	EndGlobalSection
	GlobalSection(ProjectConfigurationPlatforms) = postSolution
		{2CD6AC8F-8696-486F-A31F-D89C475C3778}.Debug|Any CPU.ActiveCfg = Debug|Any CPU
		{2CD6AC8F-8696-486F-A31F-D89C475C3778}.Debug|Any CPU.Build.0 = Debug|Any CPU
		{2CD6AC8F-8696-486F-A31F-D89C475C3778}.Release|Any CPU.ActiveCfg = Release|Any CPU
		{2CD6AC8F-8696-486F-A31F-D89C475C3778}.Release|Any CPU.Build.0 = Release|Any CPU
	EndGlobalSection
	GlobalSection(SolutionProperties) = preSolution
		HideSolutionNode = FALSE
	EndGlobalSection
	GlobalSection(ExtensibilityGlobals) = postSolution
		SolutionGuid = {7F306585-074A-4648-9ADE-B2152E7D8E31}
	EndGlobalSection
EndGlobal
