
Microsoft Visual Studio Solution File, Format Version 12.00
# Visual Studio Version 16
VisualStudioVersion = 16.0.34031.81
MinimumVisualStudioVersion = 10.0.40219.1
Project("{FAE04EC0-301F-11D3-BF4B-00C04F79EFBC}") = "Autobérlés", "Autobérlés\Autobérlés.csproj", "{E6B0F854-FBB2-4FF9-B3B0-2EEFC304446D}"
EndProject
Global
	GlobalSection(SolutionConfigurationPlatforms) = preSolution
		Debug|Any CPU = Debug|Any CPU
		Release|Any CPU = Release|Any CPU
	EndGlobalSection
	GlobalSection(ProjectConfigurationPlatforms) = postSolution
		{E6B0F854-FBB2-4FF9-B3B0-2EEFC304446D}.Debug|Any CPU.ActiveCfg = Debug|Any CPU
		{E6B0F854-FBB2-4FF9-B3B0-2EEFC304446D}.Debug|Any CPU.Build.0 = Debug|Any CPU
		{E6B0F854-FBB2-4FF9-B3B0-2EEFC304446D}.Release|Any CPU.ActiveCfg = Release|Any CPU
		{E6B0F854-FBB2-4FF9-B3B0-2EEFC304446D}.Release|Any CPU.Build.0 = Release|Any CPU
	EndGlobalSection
	GlobalSection(SolutionProperties) = preSolution
		HideSolutionNode = FALSE
	EndGlobalSection
	GlobalSection(ExtensibilityGlobals) = postSolution
		SolutionGuid = {B083EBD0-207C-4737-85C4-1C1519532DE8}
	EndGlobalSection
EndGlobal
